
Microsoft Visual Studio Solution File, Format Version 12.00
# Visual Studio Version 17
VisualStudioVersion = 17.3.32922.545
MinimumVisualStudioVersion = 10.0.40219.1
Project("{8BC9CEB8-8B4A-11D0-8D11-00A0C91BC942}") = "Lab5B", "Lab5B.vcxproj", "{6CF683C6-EB99-41F5-94D6-8F2E7CB0BD05}"
EndProject
Global
	GlobalSection(SolutionConfigurationPlatforms) = preSolution
		Debug|x64 = Debug|x64
		Debug|x86 = Debug|x86
		Release|x64 = Release|x64
		Release|x86 = Release|x86
	EndGlobalSection
	GlobalSection(ProjectConfigurationPlatforms) = postSolution
		{6CF683C6-EB99-41F5-94D6-8F2E7CB0BD05}.Debug|x64.ActiveCfg = Debug|x64
		{6CF683C6-EB99-41F5-94D6-8F2E7CB0BD05}.Debug|x64.Build.0 = Debug|x64
		{6CF683C6-EB99-41F5-94D6-8F2E7CB0BD05}.Debug|x86.ActiveCfg = Debug|Win32
		{6CF683C6-EB99-41F5-94D6-8F2E7CB0BD05}.Debug|x86.Build.0 = Debug|Win32
		{6CF683C6-EB99-41F5-94D6-8F2E7CB0BD05}.Release|x64.ActiveCfg = Release|x64
		{6CF683C6-EB99-41F5-94D6-8F2E7CB0BD05}.Release|x64.Build.0 = Release|x64
		{6CF683C6-EB99-41F5-94D6-8F2E7CB0BD05}.Release|x86.ActiveCfg = Release|Win32
		{6CF683C6-EB99-41F5-94D6-8F2E7CB0BD05}.Release|x86.Build.0 = Release|Win32
	EndGlobalSection
	GlobalSection(SolutionProperties) = preSolution
		HideSolutionNode = FALSE
	EndGlobalSection
	GlobalSection(ExtensibilityGlobals) = postSolution
		SolutionGuid = {D97F8132-85B6-477D-AAE3-72C897669EB1}
	EndGlobalSection
EndGlobal
